
Microsoft Visual Studio Solution File, Format Version 12.00
# Visual Studio Version 17
VisualStudioVersion = 17.4.33403.182
MinimumVisualStudioVersion = 10.0.40219.1
Project("{9A19103F-16F7-4668-BE54-9A1E7A4F7556}") = "hack-together-groups-manager", "hack-together-groups-manager.csproj", "{359E107F-C42D-4267-83F1-DEEE88CC602E}"
EndProject
Global
	GlobalSection(SolutionConfigurationPlatforms) = preSolution
		Debug|Any CPU = Debug|Any CPU
		Release|Any CPU = Release|Any CPU
	EndGlobalSection
	GlobalSection(ProjectConfigurationPlatforms) = postSolution
		{359E107F-C42D-4267-83F1-DEEE88CC602E}.Debug|Any CPU.ActiveCfg = Debug|Any CPU
		{359E107F-C42D-4267-83F1-DEEE88CC602E}.Debug|Any CPU.Build.0 = Debug|Any CPU
		{359E107F-C42D-4267-83F1-DEEE88CC602E}.Release|Any CPU.ActiveCfg = Release|Any CPU
		{359E107F-C42D-4267-83F1-DEEE88CC602E}.Release|Any CPU.Build.0 = Release|Any CPU
	EndGlobalSection
	GlobalSection(SolutionProperties) = preSolution
		HideSolutionNode = FALSE
	EndGlobalSection
	GlobalSection(ExtensibilityGlobals) = postSolution
		SolutionGuid = {9FA8301F-92A8-48E7-A689-5785B6E70BC9}
	EndGlobalSection
EndGlobal
